
Microsoft Visual Studio Solution File, Format Version 12.00
# Visual Studio Version 16
VisualStudioVersion = 16.0.32002.261
MinimumVisualStudioVersion = 10.0.40219.1
Project("{FAE04EC0-301F-11D3-BF4B-00C04F79EFBC}") = "Task1", "ITMO-BIM_m1-2-lab11\Task1.csproj", "{B845F989-0FB7-4F20-8AD6-8E56133AECFE}"
EndProject
Project("{FAE04EC0-301F-11D3-BF4B-00C04F79EFBC}") = "Task2", "Task2\Task2.csproj", "{EF3B1483-4FDA-4504-B8C2-FD8550D5CA22}"
EndProject
Global
	GlobalSection(SolutionConfigurationPlatforms) = preSolution
		Debug|Any CPU = Debug|Any CPU
		Release|Any CPU = Release|Any CPU
	EndGlobalSection
	GlobalSection(ProjectConfigurationPlatforms) = postSolution
		{B845F989-0FB7-4F20-8AD6-8E56133AECFE}.Debug|Any CPU.ActiveCfg = Debug|Any CPU
		{B845F989-0FB7-4F20-8AD6-8E56133AECFE}.Debug|Any CPU.Build.0 = Debug|Any CPU
		{B845F989-0FB7-4F20-8AD6-8E56133AECFE}.Release|Any CPU.ActiveCfg = Release|Any CPU
		{B845F989-0FB7-4F20-8AD6-8E56133AECFE}.Release|Any CPU.Build.0 = Release|Any CPU
		{EF3B1483-4FDA-4504-B8C2-FD8550D5CA22}.Debug|Any CPU.ActiveCfg = Debug|Any CPU
		{EF3B1483-4FDA-4504-B8C2-FD8550D5CA22}.Debug|Any CPU.Build.0 = Debug|Any CPU
		{EF3B1483-4FDA-4504-B8C2-FD8550D5CA22}.Release|Any CPU.ActiveCfg = Release|Any CPU
		{EF3B1483-4FDA-4504-B8C2-FD8550D5CA22}.Release|Any CPU.Build.0 = Release|Any CPU
	EndGlobalSection
	GlobalSection(SolutionProperties) = preSolution
		HideSolutionNode = FALSE
	EndGlobalSection
	GlobalSection(ExtensibilityGlobals) = postSolution
		SolutionGuid = {0B5DF21A-9E51-4CC9-B4D3-9A02B4765379}
	EndGlobalSection
EndGlobal
